
Microsoft Visual Studio Solution File, Format Version 12.00
# Visual Studio 15
VisualStudioVersion = 15.0.26430.6
MinimumVisualStudioVersion = 10.0.40219.1
Project("{FAE04EC0-301F-11D3-BF4B-00C04F79EFBC}") = "OdeToFoods", "OdeToFoods\OdeToFoods.csproj", "{821BE063-C625-43EF-A056-CE36B44CD409}"
EndProject
Project("{FAE04EC0-301F-11D3-BF4B-00C04F79EFBC}") = "OdeToFoods.Tests", "OdeToFoods.Tests\OdeToFoods.Tests.csproj", "{2925BE83-F43C-41EC-9B5A-CD18F30CA50C}"
EndProject
Global
	GlobalSection(SolutionConfigurationPlatforms) = preSolution
		Debug|Any CPU = Debug|Any CPU
		Release|Any CPU = Release|Any CPU
	EndGlobalSection
	GlobalSection(ProjectConfigurationPlatforms) = postSolution
		{821BE063-C625-43EF-A056-CE36B44CD409}.Debug|Any CPU.ActiveCfg = Debug|Any CPU
		{821BE063-C625-43EF-A056-CE36B44CD409}.Debug|Any CPU.Build.0 = Debug|Any CPU
		{821BE063-C625-43EF-A056-CE36B44CD409}.Release|Any CPU.ActiveCfg = Release|Any CPU
		{821BE063-C625-43EF-A056-CE36B44CD409}.Release|Any CPU.Build.0 = Release|Any CPU
		{2925BE83-F43C-41EC-9B5A-CD18F30CA50C}.Debug|Any CPU.ActiveCfg = Debug|Any CPU
		{2925BE83-F43C-41EC-9B5A-CD18F30CA50C}.Debug|Any CPU.Build.0 = Debug|Any CPU
		{2925BE83-F43C-41EC-9B5A-CD18F30CA50C}.Release|Any CPU.ActiveCfg = Release|Any CPU
		{2925BE83-F43C-41EC-9B5A-CD18F30CA50C}.Release|Any CPU.Build.0 = Release|Any CPU
	EndGlobalSection
	GlobalSection(SolutionProperties) = preSolution
		HideSolutionNode = FALSE
	EndGlobalSection
EndGlobal
